
Microsoft Visual Studio Solution File, Format Version 12.00
# Visual Studio Version 17
VisualStudioVersion = 17.0.32112.339
MinimumVisualStudioVersion = 10.0.40219.1
Project("{FAE04EC0-301F-11D3-BF4B-00C04F79EFBC}") = "StackAndQueue", "StackAndQueue\StackAndQueue.csproj", "{0B338C2F-3C68-4FD5-B2EB-FC20AFD8E66A}"
EndProject
Global
	GlobalSection(SolutionConfigurationPlatforms) = preSolution
		Debug|Any CPU = Debug|Any CPU
		Release|Any CPU = Release|Any CPU
	EndGlobalSection
	GlobalSection(ProjectConfigurationPlatforms) = postSolution
		{0B338C2F-3C68-4FD5-B2EB-FC20AFD8E66A}.Debug|Any CPU.ActiveCfg = Debug|Any CPU
		{0B338C2F-3C68-4FD5-B2EB-FC20AFD8E66A}.Debug|Any CPU.Build.0 = Debug|Any CPU
		{0B338C2F-3C68-4FD5-B2EB-FC20AFD8E66A}.Release|Any CPU.ActiveCfg = Release|Any CPU
		{0B338C2F-3C68-4FD5-B2EB-FC20AFD8E66A}.Release|Any CPU.Build.0 = Release|Any CPU
	EndGlobalSection
	GlobalSection(SolutionProperties) = preSolution
		HideSolutionNode = FALSE
	EndGlobalSection
	GlobalSection(ExtensibilityGlobals) = postSolution
		SolutionGuid = {3151E808-F930-488B-9D50-A74E5832FFCA}
	EndGlobalSection
EndGlobal
